// !$*UTF8*$!
{
	archiveVersion = 1;
	classes = {
	};
	objectVersion = 50;
	objects = {

/* Begin PBXBuildFile section */
		990EC29A25EF885F0048D61C /* AppDelegate.swift in Sources */ = {isa = PBXBuildFile; fileRef = 990EC29925EF885F0048D61C /* AppDelegate.swift */; };
		990EC29C25EF885F0048D61C /* SceneDelegate.swift in Sources */ = {isa = PBXBuildFile; fileRef = 990EC29B25EF885F0048D61C /* SceneDelegate.swift */; };
		990EC2A425EF885F0048D61C /* WeatherTest.xcdatamodeld in Sources */ = {isa = PBXBuildFile; fileRef = 990EC2A225EF885F0048D61C /* WeatherTest.xcdatamodeld */; };
		990EC2A625EF88620048D61C /* Assets.xcassets in Resources */ = {isa = PBXBuildFile; fileRef = 990EC2A525EF88620048D61C /* Assets.xcassets */; };
		990EC2A925EF88620048D61C /* LaunchScreen.storyboard in Resources */ = {isa = PBXBuildFile; fileRef = 990EC2A725EF88620048D61C /* LaunchScreen.storyboard */; };
		990EC2B825EF88F40048D61C /* WeatherViewController.swift in Sources */ = {isa = PBXBuildFile; fileRef = 990EC2B625EF88F40048D61C /* WeatherViewController.swift */; };
		990EC2B925EF88F40048D61C /* WeatherViewController.xib in Resources */ = {isa = PBXBuildFile; fileRef = 990EC2B725EF88F40048D61C /* WeatherViewController.xib */; };
		990EC2C125EFB6A20048D61C /* WeatherTableViewCell.swift in Sources */ = {isa = PBXBuildFile; fileRef = 990EC2BF25EFB6A20048D61C /* WeatherTableViewCell.swift */; };
		990EC2C225EFB6A20048D61C /* WeatherTableViewCell.xib in Resources */ = {isa = PBXBuildFile; fileRef = 990EC2C025EFB6A20048D61C /* WeatherTableViewCell.xib */; };
		990EC2C725EFB7EB0048D61C /* WeatherData.swift in Sources */ = {isa = PBXBuildFile; fileRef = 990EC2C625EFB7EB0048D61C /* WeatherData.swift */; };
		990EC2CA25EFB7F50048D61C /* Weather.swift in Sources */ = {isa = PBXBuildFile; fileRef = 990EC2C925EFB7F50048D61C /* Weather.swift */; };
		990EC2CE25EFB8300048D61C /* WeatherManager.swift in Sources */ = {isa = PBXBuildFile; fileRef = 990EC2CD25EFB8300048D61C /* WeatherManager.swift */; };
		990EC2D225EFC8390048D61C /* Constans.swift in Sources */ = {isa = PBXBuildFile; fileRef = 990EC2D125EFC8380048D61C /* Constans.swift */; };
		990EC2D625EFCCAC0048D61C /* WeatherViewModel.swift in Sources */ = {isa = PBXBuildFile; fileRef = 990EC2D525EFCCAC0048D61C /* WeatherViewModel.swift */; };
		990EC2DD25EFD4B80048D61C /* DataManager.swift in Sources */ = {isa = PBXBuildFile; fileRef = 990EC2DC25EFD4B80048D61C /* DataManager.swift */; };
		9915918325F236FE00B51E94 /* WeatherAssebly.swift in Sources */ = {isa = PBXBuildFile; fileRef = 9915918225F236FE00B51E94 /* WeatherAssebly.swift */; };
		99B347012600975F007E2BF7 /* WeatherCellViewModel.swift in Sources */ = {isa = PBXBuildFile; fileRef = 99B347002600975F007E2BF7 /* WeatherCellViewModel.swift */; };
		99B347062600A4BF007E2BF7 /* DetailViewController.swift in Sources */ = {isa = PBXBuildFile; fileRef = 99B347042600A4BF007E2BF7 /* DetailViewController.swift */; };
		99B347072600A4BF007E2BF7 /* DetailViewController.xib in Resources */ = {isa = PBXBuildFile; fileRef = 99B347052600A4BF007E2BF7 /* DetailViewController.xib */; };
		99B3470B2600A5C0007E2BF7 /* DetailViewModel.swift in Sources */ = {isa = PBXBuildFile; fileRef = 99B3470A2600A5C0007E2BF7 /* DetailViewModel.swift */; };
/* End PBXBuildFile section */

/* Begin PBXFileReference section */
		990EC29625EF885F0048D61C /* WeatherTest.app */ = {isa = PBXFileReference; explicitFileType = wrapper.application; includeInIndex = 0; path = WeatherTest.app; sourceTree = BUILT_PRODUCTS_DIR; };
		990EC29925EF885F0048D61C /* AppDelegate.swift */ = {isa = PBXFileReference; lastKnownFileType = sourcecode.swift; path = AppDelegate.swift; sourceTree = "<group>"; };
		990EC29B25EF885F0048D61C /* SceneDelegate.swift */ = {isa = PBXFileReference; lastKnownFileType = sourcecode.swift; path = SceneDelegate.swift; sourceTree = "<group>"; };
		990EC2A325EF885F0048D61C /* WeatherTest.xcdatamodel */ = {isa = PBXFileReference; lastKnownFileType = wrapper.xcdatamodel; path = WeatherTest.xcdatamodel; sourceTree = "<group>"; };
		990EC2A525EF88620048D61C /* Assets.xcassets */ = {isa = PBXFileReference; lastKnownFileType = folder.assetcatalog; path = Assets.xcassets; sourceTree = "<group>"; };
		990EC2A825EF88620048D61C /* Base */ = {isa = PBXFileReference; lastKnownFileType = file.storyboard; name = Base; path = Base.lproj/LaunchScreen.storyboard; sourceTree = "<group>"; };
		990EC2AA25EF88620048D61C /* Info.plist */ = {isa = PBXFileReference; lastKnownFileType = text.plist.xml; path = Info.plist; sourceTree = "<group>"; };
		990EC2B625EF88F40048D61C /* WeatherViewController.swift */ = {isa = PBXFileReference; lastKnownFileType = sourcecode.swift; path = WeatherViewController.swift; sourceTree = "<group>"; };
		990EC2B725EF88F40048D61C /* WeatherViewController.xib */ = {isa = PBXFileReference; lastKnownFileType = file.xib; path = WeatherViewController.xib; sourceTree = "<group>"; };
		990EC2BF25EFB6A20048D61C /* WeatherTableViewCell.swift */ = {isa = PBXFileReference; lastKnownFileType = sourcecode.swift; path = WeatherTableViewCell.swift; sourceTree = "<group>"; };
		990EC2C025EFB6A20048D61C /* WeatherTableViewCell.xib */ = {isa = PBXFileReference; lastKnownFileType = file.xib; path = WeatherTableViewCell.xib; sourceTree = "<group>"; };
		990EC2C625EFB7EB0048D61C /* WeatherData.swift */ = {isa = PBXFileReference; lastKnownFileType = sourcecode.swift; path = WeatherData.swift; sourceTree = "<group>"; };
		990EC2C925EFB7F50048D61C /* Weather.swift */ = {isa = PBXFileReference; lastKnownFileType = sourcecode.swift; path = Weather.swift; sourceTree = "<group>"; };
		990EC2CD25EFB8300048D61C /* WeatherManager.swift */ = {isa = PBXFileReference; lastKnownFileType = sourcecode.swift; path = WeatherManager.swift; sourceTree = "<group>"; };
		990EC2D125EFC8380048D61C /* Constans.swift */ = {isa = PBXFileReference; lastKnownFileType = sourcecode.swift; path = Constans.swift; sourceTree = "<group>"; };
		990EC2D525EFCCAC0048D61C /* WeatherViewModel.swift */ = {isa = PBXFileReference; lastKnownFileType = sourcecode.swift; path = WeatherViewModel.swift; sourceTree = "<group>"; };
		990EC2DC25EFD4B80048D61C /* DataManager.swift */ = {isa = PBXFileReference; lastKnownFileType = sourcecode.swift; path = DataManager.swift; sourceTree = "<group>"; };
		9915918225F236FE00B51E94 /* WeatherAssebly.swift */ = {isa = PBXFileReference; lastKnownFileType = sourcecode.swift; path = WeatherAssebly.swift; sourceTree = "<group>"; };
		99B347002600975F007E2BF7 /* WeatherCellViewModel.swift */ = {isa = PBXFileReference; lastKnownFileType = sourcecode.swift; path = WeatherCellViewModel.swift; sourceTree = "<group>"; };
		99B347042600A4BF007E2BF7 /* DetailViewController.swift */ = {isa = PBXFileReference; lastKnownFileType = sourcecode.swift; path = DetailViewController.swift; sourceTree = "<group>"; };
		99B347052600A4BF007E2BF7 /* DetailViewController.xib */ = {isa = PBXFileReference; lastKnownFileType = file.xib; path = DetailViewController.xib; sourceTree = "<group>"; };
		99B3470A2600A5C0007E2BF7 /* DetailViewModel.swift */ = {isa = PBXFileReference; lastKnownFileType = sourcecode.swift; path = DetailViewModel.swift; sourceTree = "<group>"; };
/* End PBXFileReference section */

/* Begin PBXFrameworksBuildPhase section */
		990EC29325EF885F0048D61C /* Frameworks */ = {
			isa = PBXFrameworksBuildPhase;
			buildActionMask = 2147483647;
			files = (
			);
			runOnlyForDeploymentPostprocessing = 0;
		};
/* End PBXFrameworksBuildPhase section */

/* Begin PBXGroup section */
		990EC28D25EF885F0048D61C = {
			isa = PBXGroup;
			children = (
				990EC29825EF885F0048D61C /* WeatherTest */,
				990EC29725EF885F0048D61C /* Products */,
			);
			sourceTree = "<group>";
		};
		990EC29725EF885F0048D61C /* Products */ = {
			isa = PBXGroup;
			children = (
				990EC29625EF885F0048D61C /* WeatherTest.app */,
			);
			name = Products;
			sourceTree = "<group>";
		};
		990EC29825EF885F0048D61C /* WeatherTest */ = {
			isa = PBXGroup;
			children = (
				990EC29925EF885F0048D61C /* AppDelegate.swift */,
				990EC29B25EF885F0048D61C /* SceneDelegate.swift */,
				9915918125F236D700B51E94 /* Assembly */,
				990EC2CC25EFB81E0048D61C /* Service */,
				990EC2C525EFB7D70048D61C /* Model */,
				990EC2D425EFCBC10048D61C /* ViewModel */,
				990EC2BB25EF891F0048D61C /* View */,
				990EC2A525EF88620048D61C /* Assets.xcassets */,
				990EC2A725EF88620048D61C /* LaunchScreen.storyboard */,
				990EC2AA25EF88620048D61C /* Info.plist */,
				990EC2A225EF885F0048D61C /* WeatherTest.xcdatamodeld */,
				990EC2D125EFC8380048D61C /* Constans.swift */,
			);
			path = WeatherTest;
			sourceTree = "<group>";
		};
		990EC2BB25EF891F0048D61C /* View */ = {
			isa = PBXGroup;
			children = (
				990EC2B625EF88F40048D61C /* WeatherViewController.swift */,
				990EC2B725EF88F40048D61C /* WeatherViewController.xib */,
				99B347042600A4BF007E2BF7 /* DetailViewController.swift */,
				99B347052600A4BF007E2BF7 /* DetailViewController.xib */,
				990EC2BE25EFB67A0048D61C /* Castom Cell */,
			);
			path = View;
			sourceTree = "<group>";
		};
		990EC2BE25EFB67A0048D61C /* Castom Cell */ = {
			isa = PBXGroup;
			children = (
				990EC2BF25EFB6A20048D61C /* WeatherTableViewCell.swift */,
				990EC2C025EFB6A20048D61C /* WeatherTableViewCell.xib */,
			);
			path = "Castom Cell";
			sourceTree = "<group>";
		};
		990EC2C525EFB7D70048D61C /* Model */ = {
			isa = PBXGroup;
			children = (
				990EC2C625EFB7EB0048D61C /* WeatherData.swift */,
				990EC2C925EFB7F50048D61C /* Weather.swift */,
			);
			path = Model;
			sourceTree = "<group>";
		};
		990EC2CC25EFB81E0048D61C /* Service */ = {
			isa = PBXGroup;
			children = (
				990EC2CD25EFB8300048D61C /* WeatherManager.swift */,
				990EC2DC25EFD4B80048D61C /* DataManager.swift */,
			);
			path = Service;
			sourceTree = "<group>";
		};
		990EC2D425EFCBC10048D61C /* ViewModel */ = {
			isa = PBXGroup;
			children = (
				990EC2D525EFCCAC0048D61C /* WeatherViewModel.swift */,
				99B347002600975F007E2BF7 /* WeatherCellViewModel.swift */,
				99B3470A2600A5C0007E2BF7 /* DetailViewModel.swift */,
			);
			path = ViewModel;
			sourceTree = "<group>";
		};
		9915918125F236D700B51E94 /* Assembly */ = {
			isa = PBXGroup;
			children = (
				9915918225F236FE00B51E94 /* WeatherAssebly.swift */,
			);
			path = Assembly;
			sourceTree = "<group>";
		};
/* End PBXGroup section */

/* Begin PBXNativeTarget section */
		990EC29525EF885F0048D61C /* WeatherTest */ = {
			isa = PBXNativeTarget;
			buildConfigurationList = 990EC2AD25EF88620048D61C /* Build configuration list for PBXNativeTarget "WeatherTest" */;
			buildPhases = (
				990EC29225EF885F0048D61C /* Sources */,
				990EC29325EF885F0048D61C /* Frameworks */,
				990EC29425EF885F0048D61C /* Resources */,
			);
			buildRules = (
			);
			dependencies = (
			);
			name = WeatherTest;
			productName = WeatherTest;
			productReference = 990EC29625EF885F0048D61C /* WeatherTest.app */;
			productType = "com.apple.product-type.application";
		};
/* End PBXNativeTarget section */

/* Begin PBXProject section */
		990EC28E25EF885F0048D61C /* Project object */ = {
			isa = PBXProject;
			attributes = {
				LastSwiftUpdateCheck = 1220;
				LastUpgradeCheck = 1220;
				TargetAttributes = {
					990EC29525EF885F0048D61C = {
						CreatedOnToolsVersion = 12.2;
					};
				};
			};
			buildConfigurationList = 990EC29125EF885F0048D61C /* Build configuration list for PBXProject "WeatherTest" */;
			compatibilityVersion = "Xcode 9.3";
			developmentRegion = en;
			hasScannedForEncodings = 0;
			knownRegions = (
				en,
				Base,
			);
			mainGroup = 990EC28D25EF885F0048D61C;
			productRefGroup = 990EC29725EF885F0048D61C /* Products */;
			projectDirPath = "";
			projectRoot = "";
			targets = (
				990EC29525EF885F0048D61C /* WeatherTest */,
			);
		};
/* End PBXProject section */

/* Begin PBXResourcesBuildPhase section */
		990EC29425EF885F0048D61C /* Resources */ = {
			isa = PBXResourcesBuildPhase;
			buildActionMask = 2147483647;
			files = (
				990EC2C225EFB6A20048D61C /* WeatherTableViewCell.xib in Resources */,
				990EC2A925EF88620048D61C /* LaunchScreen.storyboard in Resources */,
				99B347072600A4BF007E2BF7 /* DetailViewController.xib in Resources */,
				990EC2B925EF88F40048D61C /* WeatherViewController.xib in Resources */,
				990EC2A625EF88620048D61C /* Assets.xcassets in Resources */,
			);
			runOnlyForDeploymentPostprocessing = 0;
		};
/* End PBXResourcesBuildPhase section */

/* Begin PBXSourcesBuildPhase section */
		990EC29225EF885F0048D61C /* Sources */ = {
			isa = PBXSourcesBuildPhase;
			buildActionMask = 2147483647;
			files = (
				990EC2CE25EFB8300048D61C /* WeatherManager.swift in Sources */,
				990EC2C125EFB6A20048D61C /* WeatherTableViewCell.swift in Sources */,
				990EC2D225EFC8390048D61C /* Constans.swift in Sources */,
				990EC2A425EF885F0048D61C /* WeatherTest.xcdatamodeld in Sources */,
				990EC2B825EF88F40048D61C /* WeatherViewController.swift in Sources */,
				990EC2D625EFCCAC0048D61C /* WeatherViewModel.swift in Sources */,
				99B347012600975F007E2BF7 /* WeatherCellViewModel.swift in Sources */,
				9915918325F236FE00B51E94 /* WeatherAssebly.swift in Sources */,
				990EC29A25EF885F0048D61C /* AppDelegate.swift in Sources */,
				990EC2C725EFB7EB0048D61C /* WeatherData.swift in Sources */,
				990EC2DD25EFD4B80048D61C /* DataManager.swift in Sources */,
				990EC29C25EF885F0048D61C /* SceneDelegate.swift in Sources */,
				990EC2CA25EFB7F50048D61C /* Weather.swift in Sources */,
				99B3470B2600A5C0007E2BF7 /* DetailViewModel.swift in Sources */,
				99B347062600A4BF007E2BF7 /* DetailViewController.swift in Sources */,
			);
			runOnlyForDeploymentPostprocessing = 0;
		};
/* End PBXSourcesBuildPhase section */

/* Begin PBXVariantGroup section */
		990EC2A725EF88620048D61C /* LaunchScreen.storyboard */ = {
			isa = PBXVariantGroup;
			children = (
				990EC2A825EF88620048D61C /* Base */,
			);
			name = LaunchScreen.storyboard;
			sourceTree = "<group>";
		};
/* End PBXVariantGroup section */

/* Begin XCBuildConfiguration section */
		990EC2AB25EF88620048D61C /* Debug */ = {
			isa = XCBuildConfiguration;
			buildSettings = {
				ALWAYS_SEARCH_USER_PATHS = NO;
				CLANG_ANALYZER_NONNULL = YES;
				CLANG_ANALYZER_NUMBER_OBJECT_CONVERSION = YES_AGGRESSIVE;
				CLANG_CXX_LANGUAGE_STANDARD = "gnu++14";
				CLANG_CXX_LIBRARY = "libc++";
				CLANG_ENABLE_MODULES = YES;
				CLANG_ENABLE_OBJC_ARC = YES;
				CLANG_ENABLE_OBJC_WEAK = YES;
				CLANG_WARN_BLOCK_CAPTURE_AUTORELEASING = YES;
				CLANG_WARN_BOOL_CONVERSION = YES;
				CLANG_WARN_COMMA = YES;
				CLANG_WARN_CONSTANT_CONVERSION = YES;
				CLANG_WARN_DEPRECATED_OBJC_IMPLEMENTATIONS = YES;
				CLANG_WARN_DIRECT_OBJC_ISA_USAGE = YES_ERROR;
				CLANG_WARN_DOCUMENTATION_COMMENTS = YES;
				CLANG_WARN_EMPTY_BODY = YES;
				CLANG_WARN_ENUM_CONVERSION = YES;
				CLANG_WARN_INFINITE_RECURSION = YES;
				CLANG_WARN_INT_CONVERSION = YES;
				CLANG_WARN_NON_LITERAL_NULL_CONVERSION = YES;
				CLANG_WARN_OBJC_IMPLICIT_RETAIN_SELF = YES;
				CLANG_WARN_OBJC_LITERAL_CONVERSION = YES;
				CLANG_WARN_OBJC_ROOT_CLASS = YES_ERROR;
				CLANG_WARN_QUOTED_INCLUDE_IN_FRAMEWORK_HEADER = YES;
				CLANG_WARN_RANGE_LOOP_ANALYSIS = YES;
				CLANG_WARN_STRICT_PROTOTYPES = YES;
				CLANG_WARN_SUSPICIOUS_MOVE = YES;
				CLANG_WARN_UNGUARDED_AVAILABILITY = YES_AGGRESSIVE;
				CLANG_WARN_UNREACHABLE_CODE = YES;
				CLANG_WARN__DUPLICATE_METHOD_MATCH = YES;
				COPY_PHASE_STRIP = NO;
				DEBUG_INFORMATION_FORMAT = dwarf;
				ENABLE_STRICT_OBJC_MSGSEND = YES;
				ENABLE_TESTABILITY = YES;
				GCC_C_LANGUAGE_STANDARD = gnu11;
				GCC_DYNAMIC_NO_PIC = NO;
				GCC_NO_COMMON_BLOCKS = YES;
				GCC_OPTIMIZATION_LEVEL = 0;
				GCC_PREPROCESSOR_DEFINITIONS = (
					"DEBUG=1",
					"$(inherited)",
				);
				GCC_WARN_64_TO_32_BIT_CONVERSION = YES;
				GCC_WARN_ABOUT_RETURN_TYPE = YES_ERROR;
				GCC_WARN_UNDECLARED_SELECTOR = YES;
				GCC_WARN_UNINITIALIZED_AUTOS = YES_AGGRESSIVE;
				GCC_WARN_UNUSED_FUNCTION = YES;
				GCC_WARN_UNUSED_VARIABLE = YES;
				IPHONEOS_DEPLOYMENT_TARGET = 14.2;
				MTL_ENABLE_DEBUG_INFO = INCLUDE_SOURCE;
				MTL_FAST_MATH = YES;
				ONLY_ACTIVE_ARCH = YES;
				SDKROOT = iphoneos;
				SWIFT_ACTIVE_COMPILATION_CONDITIONS = DEBUG;
				SWIFT_OPTIMIZATION_LEVEL = "-Onone";
			};
			name = Debug;
		};
		990EC2AC25EF88620048D61C /* Release */ = {
			isa = XCBuildConfiguration;
			buildSettings = {
				ALWAYS_SEARCH_USER_PATHS = NO;
				CLANG_ANALYZER_NONNULL = YES;
				CLANG_ANALYZER_NUMBER_OBJECT_CONVERSION = YES_AGGRESSIVE;
				CLANG_CXX_LANGUAGE_STANDARD = "gnu++14";
				CLANG_CXX_LIBRARY = "libc++";
				CLANG_ENABLE_MODULES = YES;
				CLANG_ENABLE_OBJC_ARC = YES;
				CLANG_ENABLE_OBJC_WEAK = YES;
				CLANG_WARN_BLOCK_CAPTURE_AUTORELEASING = YES;
				CLANG_WARN_BOOL_CONVERSION = YES;
				CLANG_WARN_COMMA = YES;
				CLANG_WARN_CONSTANT_CONVERSION = YES;
				CLANG_WARN_DEPRECATED_OBJC_IMPLEMENTATIONS = YES;
				CLANG_WARN_DIRECT_OBJC_ISA_USAGE = YES_ERROR;
				CLANG_WARN_DOCUMENTATION_COMMENTS = YES;
				CLANG_WARN_EMPTY_BODY = YES;
				CLANG_WARN_ENUM_CONVERSION = YES;
				CLANG_WARN_INFINITE_RECURSION = YES;
				CLANG_WARN_INT_CONVERSION = YES;
				CLANG_WARN_NON_LITERAL_NULL_CONVERSION = YES;
				CLANG_WARN_OBJC_IMPLICIT_RETAIN_SELF = YES;
				CLANG_WARN_OBJC_LITERAL_CONVERSION = YES;
				CLANG_WARN_OBJC_ROOT_CLASS = YES_ERROR;
				CLANG_WARN_QUOTED_INCLUDE_IN_FRAMEWORK_HEADER = YES;
				CLANG_WARN_RANGE_LOOP_ANALYSIS = YES;
				CLANG_WARN_STRICT_PROTOTYPES = YES;
				CLANG_WARN_SUSPICIOUS_MOVE = YES;
				CLANG_WARN_UNGUARDED_AVAILABILITY = YES_AGGRESSIVE;
				CLANG_WARN_UNREACHABLE_CODE = YES;
				CLANG_WARN__DUPLICATE_METHOD_MATCH = YES;
				COPY_PHASE_STRIP = NO;
				DEBUG_INFORMATION_FORMAT = "dwarf-with-dsym";
				ENABLE_NS_ASSERTIONS = NO;
				ENABLE_STRICT_OBJC_MSGSEND = YES;
				GCC_C_LANGUAGE_STANDARD = gnu11;
				GCC_NO_COMMON_BLOCKS = YES;
				GCC_WARN_64_TO_32_BIT_CONVERSION = YES;
				GCC_WARN_ABOUT_RETURN_TYPE = YES_ERROR;
				GCC_WARN_UNDECLARED_SELECTOR = YES;
				GCC_WARN_UNINITIALIZED_AUTOS = YES_AGGRESSIVE;
				GCC_WARN_UNUSED_FUNCTION = YES;
				GCC_WARN_UNUSED_VARIABLE = YES;
				IPHONEOS_DEPLOYMENT_TARGET = 14.2;
				MTL_ENABLE_DEBUG_INFO = NO;
				MTL_FAST_MATH = YES;
				SDKROOT = iphoneos;
				SWIFT_COMPILATION_MODE = wholemodule;
				SWIFT_OPTIMIZATION_LEVEL = "-O";
				VALIDATE_PRODUCT = YES;
			};
			name = Release;
		};
		990EC2AE25EF88620048D61C /* Debug */ = {
			isa = XCBuildConfiguration;
			buildSettings = {
				ASSETCATALOG_COMPILER_APPICON_NAME = AppIcon;
				ASSETCATALOG_COMPILER_GLOBAL_ACCENT_COLOR_NAME = AccentColor;
				CODE_SIGN_STYLE = Automatic;
				DEVELOPMENT_TEAM = H9Q8A65R22;
				INFOPLIST_FILE = WeatherTest/Info.plist;
				LD_RUNPATH_SEARCH_PATHS = (
					"$(inherited)",
					"@executable_path/Frameworks",
				);
				PRODUCT_BUNDLE_IDENTIFIER = gurgen.WeatherTest;
				PRODUCT_NAME = "$(TARGET_NAME)";
				SWIFT_VERSION = 5.0;
				TARGETED_DEVICE_FAMILY = "1,2";
			};
			name = Debug;
		};
		990EC2AF25EF88620048D61C /* Release */ = {
			isa = XCBuildConfiguration;
			buildSettings = {
				ASSETCATALOG_COMPILER_APPICON_NAME = AppIcon;
				ASSETCATALOG_COMPILER_GLOBAL_ACCENT_COLOR_NAME = AccentColor;
				CODE_SIGN_STYLE = Automatic;
				DEVELOPMENT_TEAM = H9Q8A65R22;
				INFOPLIST_FILE = WeatherTest/Info.plist;
				LD_RUNPATH_SEARCH_PATHS = (
					"$(inherited)",
					"@executable_path/Frameworks",
				);
				PRODUCT_BUNDLE_IDENTIFIER = gurgen.WeatherTest;
				PRODUCT_NAME = "$(TARGET_NAME)";
				SWIFT_VERSION = 5.0;
				TARGETED_DEVICE_FAMILY = "1,2";
			};
			name = Release;
		};
/* End XCBuildConfiguration section */

/* Begin XCConfigurationList section */
		990EC29125EF885F0048D61C /* Build configuration list for PBXProject "WeatherTest" */ = {
			isa = XCConfigurationList;
			buildConfigurations = (
				990EC2AB25EF88620048D61C /* Debug */,
				990EC2AC25EF88620048D61C /* Release */,
			);
			defaultConfigurationIsVisible = 0;
			defaultConfigurationName = Release;
		};
		990EC2AD25EF88620048D61C /* Build configuration list for PBXNativeTarget "WeatherTest" */ = {
			isa = XCConfigurationList;
			buildConfigurations = (
				990EC2AE25EF88620048D61C /* Debug */,
				990EC2AF25EF88620048D61C /* Release */,
			);
			defaultConfigurationIsVisible = 0;
			defaultConfigurationName = Release;
		};
/* End XCConfigurationList section */

/* Begin XCVersionGroup section */
		990EC2A225EF885F0048D61C /* WeatherTest.xcdatamodeld */ = {
			isa = XCVersionGroup;
			children = (
				990EC2A325EF885F0048D61C /* WeatherTest.xcdatamodel */,
			);
			currentVersion = 990EC2A325EF885F0048D61C /* WeatherTest.xcdatamodel */;
			path = WeatherTest.xcdatamodeld;
			sourceTree = "<group>";
			versionGroupType = wrapper.xcdatamodel;
		};
/* End XCVersionGroup section */
	};
	rootObject = 990EC28E25EF885F0048D61C /* Project object */;
}
